{
  "name": "dealing",
  "version": "1.0.0",
  "lockfileVersion": 2,
  "requires": true,
  "packages": {
    "": {
      "name": "dealing",
      "version": "1.0.0",
      "workspaces": [
        "./workspaces/dealing-common",
        "./workspaces/dealing-instruments-and-roles",
        "./workspaces/dealing-prepare",
        "./workspaces/dealing-submit",
        "./workspaces/step-common-header"
      ]
    },
    "node_modules/dealing-common": {
      "resolved": "workspaces/dealing-common",
      "link": true
    },
    "node_modules/dealing-instruments-and-roles": {
      "resolved": "workspaces/dealing-instruments-and-roles",
      "link": true
    },
    "node_modules/dealing-prepare": {
      "resolved": "workspaces/dealing-prepare",
      "link": true
    },
    "node_modules/dealing-submit": {
      "resolved": "workspaces/dealing-submit",
      "link": true
    },
    "node_modules/step-common-header": {
      "resolved": "workspaces/step-common-header",
      "link": true
    },
    "workspaces/dealing-common": {
      "version": "1.0.0"
    },
    "workspaces/dealing-instruments-and-roles": {
      "version": "1.0.0"
    },
    "workspaces/dealing-prepare": {
      "version": "1.0.0"
    },
    "workspaces/dealing-submit": {
      "version": "1.0.0"
    },
    "workspaces/step-common-header": {
      "version": "1.0.0"
    }
  },
  "dependencies": {
    "dealing-common": {
      "version": "file:workspaces/dealing-common"
    },
    "dealing-instruments-and-roles": {
      "version": "file:workspaces/dealing-instruments-and-roles"
    },
    "dealing-prepare": {
      "version": "file:workspaces/dealing-prepare"
    },
    "dealing-submit": {
      "version": "file:workspaces/dealing-submit"
    },
    "step-common-header": {
      "version": "file:workspaces/step-common-header"
    }
  }
}
